# THIS IS AN AUTOGENERATED FILE. DO NOT EDIT THIS FILE DIRECTLY.
# yarn lockfile v1


rehype-truncate@^1.2.1:
  version "1.2.1"
  resolved "https://registry.yarnpkg.com/rehype-truncate/-/rehype-truncate-1.2.1.tgz#6614f4672f7067848b77b4a325c4446c7ab29666"
  integrity sha512-MEAA9gVx6LOKCCRELxuYd1h/pLQIzPW2fzFpe3rfNuFoJ40nx0RRBDEN3zVkusRJN1l0F9/85FRZMnVEGF3R1A==
